// !$*UTF8*$!
{
	archiveVersion = 1;
	classes = {
	};
	objectVersion = 56;
	objects = {

/* Begin PBXBuildFile section */
		0839B4902A9CA647006CB4DC /* AppDelegate.swift in Sources */ = {isa = PBXBuildFile; fileRef = 0839B48F2A9CA647006CB4DC /* AppDelegate.swift */; };
		0839B4942A9CA647006CB4DC /* AlarmViewController.swift in Sources */ = {isa = PBXBuildFile; fileRef = 0839B4932A9CA647006CB4DC /* AlarmViewController.swift */; };
		0839B4972A9CA647006CB4DC /* Main.storyboard in Resources */ = {isa = PBXBuildFile; fileRef = 0839B4952A9CA647006CB4DC /* Main.storyboard */; };
		0839B4992A9CA648006CB4DC /* Assets.xcassets in Resources */ = {isa = PBXBuildFile; fileRef = 0839B4982A9CA648006CB4DC /* Assets.xcassets */; };
		0839B49C2A9CA648006CB4DC /* LaunchScreen.storyboard in Resources */ = {isa = PBXBuildFile; fileRef = 0839B49A2A9CA648006CB4DC /* LaunchScreen.storyboard */; };
		0839B4A42A9CCAE4006CB4DC /* AlarmViewModel.swift in Sources */ = {isa = PBXBuildFile; fileRef = 0839B4A32A9CCAE4006CB4DC /* AlarmViewModel.swift */; };
		0839B4AB2A9CDD0D006CB4DC /* smooth-ac-guitar-loop-93bpm-137706.mp3 in Resources */ = {isa = PBXBuildFile; fileRef = 0839B4AA2A9CDD0D006CB4DC /* smooth-ac-guitar-loop-93bpm-137706.mp3 */; };
		0839B4AD2A9D1AB1006CB4DC /* AlarmStopViewController.swift in Sources */ = {isa = PBXBuildFile; fileRef = 0839B4AC2A9D1AB1006CB4DC /* AlarmStopViewController.swift */; };
		0839B4D12A9E4620006CB4DC /* alarmSound.mp3 in Resources */ = {isa = PBXBuildFile; fileRef = 0839B4D02A9E4620006CB4DC /* alarmSound.mp3 */; };
/* End PBXBuildFile section */

/* Begin PBXFileReference section */
		0839B48C2A9CA647006CB4DC /* task2_app.app */ = {isa = PBXFileReference; explicitFileType = wrapper.application; includeInIndex = 0; path = task2_app.app; sourceTree = BUILT_PRODUCTS_DIR; };
		0839B48F2A9CA647006CB4DC /* AppDelegate.swift */ = {isa = PBXFileReference; lastKnownFileType = sourcecode.swift; path = AppDelegate.swift; sourceTree = "<group>"; };
		0839B4932A9CA647006CB4DC /* AlarmViewController.swift */ = {isa = PBXFileReference; lastKnownFileType = sourcecode.swift; path = AlarmViewController.swift; sourceTree = "<group>"; };
		0839B4962A9CA647006CB4DC /* Base */ = {isa = PBXFileReference; lastKnownFileType = file.storyboard; name = Base; path = Base.lproj/Main.storyboard; sourceTree = "<group>"; };
		0839B4982A9CA648006CB4DC /* Assets.xcassets */ = {isa = PBXFileReference; lastKnownFileType = folder.assetcatalog; path = Assets.xcassets; sourceTree = "<group>"; };
		0839B49B2A9CA648006CB4DC /* Base */ = {isa = PBXFileReference; lastKnownFileType = file.storyboard; name = Base; path = Base.lproj/LaunchScreen.storyboard; sourceTree = "<group>"; };
		0839B49D2A9CA648006CB4DC /* Info.plist */ = {isa = PBXFileReference; lastKnownFileType = text.plist.xml; path = Info.plist; sourceTree = "<group>"; };
		0839B4A32A9CCAE4006CB4DC /* AlarmViewModel.swift */ = {isa = PBXFileReference; lastKnownFileType = sourcecode.swift; path = AlarmViewModel.swift; sourceTree = "<group>"; };
		0839B4AA2A9CDD0D006CB4DC /* smooth-ac-guitar-loop-93bpm-137706.mp3 */ = {isa = PBXFileReference; lastKnownFileType = audio.mp3; path = "smooth-ac-guitar-loop-93bpm-137706.mp3"; sourceTree = "<group>"; };
		0839B4AC2A9D1AB1006CB4DC /* AlarmStopViewController.swift */ = {isa = PBXFileReference; lastKnownFileType = sourcecode.swift; path = AlarmStopViewController.swift; sourceTree = "<group>"; };
		0839B4D02A9E4620006CB4DC /* alarmSound.mp3 */ = {isa = PBXFileReference; lastKnownFileType = audio.mp3; path = alarmSound.mp3; sourceTree = "<group>"; };
/* End PBXFileReference section */

/* Begin PBXFrameworksBuildPhase section */
		0839B4892A9CA647006CB4DC /* Frameworks */ = {
			isa = PBXFrameworksBuildPhase;
			buildActionMask = 2147483647;
			files = (
			);
			runOnlyForDeploymentPostprocessing = 0;
		};
/* End PBXFrameworksBuildPhase section */

/* Begin PBXGroup section */
		0839B4832A9CA647006CB4DC = {
			isa = PBXGroup;
			children = (
				0839B48E2A9CA647006CB4DC /* task2_app */,
				0839B48D2A9CA647006CB4DC /* Products */,
			);
			sourceTree = "<group>";
		};
		0839B48D2A9CA647006CB4DC /* Products */ = {
			isa = PBXGroup;
			children = (
				0839B48C2A9CA647006CB4DC /* task2_app.app */,
			);
			name = Products;
			sourceTree = "<group>";
		};
		0839B48E2A9CA647006CB4DC /* task2_app */ = {
			isa = PBXGroup;
			children = (
				0839B48F2A9CA647006CB4DC /* AppDelegate.swift */,
				0839B4932A9CA647006CB4DC /* AlarmViewController.swift */,
				0839B4AC2A9D1AB1006CB4DC /* AlarmStopViewController.swift */,
				0839B4A32A9CCAE4006CB4DC /* AlarmViewModel.swift */,
				0839B4952A9CA647006CB4DC /* Main.storyboard */,
				0839B4982A9CA648006CB4DC /* Assets.xcassets */,
				0839B49A2A9CA648006CB4DC /* LaunchScreen.storyboard */,
				0839B49D2A9CA648006CB4DC /* Info.plist */,
				0839B4AA2A9CDD0D006CB4DC /* smooth-ac-guitar-loop-93bpm-137706.mp3 */,
				0839B4D02A9E4620006CB4DC /* alarmSound.mp3 */,
			);
			path = task2_app;
			sourceTree = "<group>";
		};
/* End PBXGroup section */

/* Begin PBXNativeTarget section */
		0839B48B2A9CA647006CB4DC /* task2_app */ = {
			isa = PBXNativeTarget;
			buildConfigurationList = 0839B4A02A9CA648006CB4DC /* Build configuration list for PBXNativeTarget "task2_app" */;
			buildPhases = (
				0839B4882A9CA647006CB4DC /* Sources */,
				0839B4892A9CA647006CB4DC /* Frameworks */,
				0839B48A2A9CA647006CB4DC /* Resources */,
			);
			buildRules = (
			);
			dependencies = (
			);
			name = task2_app;
			productName = task2_app;
			productReference = 0839B48C2A9CA647006CB4DC /* task2_app.app */;
			productType = "com.apple.product-type.application";
		};
/* End PBXNativeTarget section */

/* Begin PBXProject section */
		0839B4842A9CA647006CB4DC /* Project object */ = {
			isa = PBXProject;
			attributes = {
				BuildIndependentTargetsInParallel = 1;
				LastSwiftUpdateCheck = 1430;
				LastUpgradeCheck = 1430;
				TargetAttributes = {
					0839B48B2A9CA647006CB4DC = {
						CreatedOnToolsVersion = 14.3.1;
					};
				};
			};
			buildConfigurationList = 0839B4872A9CA647006CB4DC /* Build configuration list for PBXProject "task2_app" */;
			compatibilityVersion = "Xcode 14.0";
			developmentRegion = en;
			hasScannedForEncodings = 0;
			knownRegions = (
				en,
				Base,
			);
			mainGroup = 0839B4832A9CA647006CB4DC;
			productRefGroup = 0839B48D2A9CA647006CB4DC /* Products */;
			projectDirPath = "";
			projectRoot = "";
			targets = (
				0839B48B2A9CA647006CB4DC /* task2_app */,
			);
		};
/* End PBXProject section */

/* Begin PBXResourcesBuildPhase section */
		0839B48A2A9CA647006CB4DC /* Resources */ = {
			isa = PBXResourcesBuildPhase;
			buildActionMask = 2147483647;
			files = (
				0839B4AB2A9CDD0D006CB4DC /* smooth-ac-guitar-loop-93bpm-137706.mp3 in Resources */,
				0839B49C2A9CA648006CB4DC /* LaunchScreen.storyboard in Resources */,
				0839B4992A9CA648006CB4DC /* Assets.xcassets in Resources */,
				0839B4D12A9E4620006CB4DC /* alarmSound.mp3 in Resources */,
				0839B4972A9CA647006CB4DC /* Main.storyboard in Resources */,
			);
			runOnlyForDeploymentPostprocessing = 0;
		};
/* End PBXResourcesBuildPhase section */

/* Begin PBXSourcesBuildPhase section */
		0839B4882A9CA647006CB4DC /* Sources */ = {
			isa = PBXSourcesBuildPhase;
			buildActionMask = 2147483647;
			files = (
				0839B4A42A9CCAE4006CB4DC /* AlarmViewModel.swift in Sources */,
				0839B4942A9CA647006CB4DC /* AlarmViewController.swift in Sources */,
				0839B4AD2A9D1AB1006CB4DC /* AlarmStopViewController.swift in Sources */,
				0839B4902A9CA647006CB4DC /* AppDelegate.swift in Sources */,
			);
			runOnlyForDeploymentPostprocessing = 0;
		};
/* End PBXSourcesBuildPhase section */

/* Begin PBXVariantGroup section */
		0839B4952A9CA647006CB4DC /* Main.storyboard */ = {
			isa = PBXVariantGroup;
			children = (
				0839B4962A9CA647006CB4DC /* Base */,
			);
			name = Main.storyboard;
			sourceTree = "<group>";
		};
		0839B49A2A9CA648006CB4DC /* LaunchScreen.storyboard */ = {
			isa = PBXVariantGroup;
			children = (
				0839B49B2A9CA648006CB4DC /* Base */,
			);
			name = LaunchScreen.storyboard;
			sourceTree = "<group>";
		};
/* End PBXVariantGroup section */

/* Begin XCBuildConfiguration section */
		0839B49E2A9CA648006CB4DC /* Debug */ = {
			isa = XCBuildConfiguration;
			buildSettings = {
				ALWAYS_SEARCH_USER_PATHS = NO;
				CLANG_ANALYZER_NONNULL = YES;
				CLANG_ANALYZER_NUMBER_OBJECT_CONVERSION = YES_AGGRESSIVE;
				CLANG_CXX_LANGUAGE_STANDARD = "gnu++20";
				CLANG_ENABLE_MODULES = YES;
				CLANG_ENABLE_OBJC_ARC = YES;
				CLANG_ENABLE_OBJC_WEAK = YES;
				CLANG_WARN_BLOCK_CAPTURE_AUTORELEASING = YES;
				CLANG_WARN_BOOL_CONVERSION = YES;
				CLANG_WARN_COMMA = YES;
				CLANG_WARN_CONSTANT_CONVERSION = YES;
				CLANG_WARN_DEPRECATED_OBJC_IMPLEMENTATIONS = YES;
				CLANG_WARN_DIRECT_OBJC_ISA_USAGE = YES_ERROR;
				CLANG_WARN_DOCUMENTATION_COMMENTS = YES;
				CLANG_WARN_EMPTY_BODY = YES;
				CLANG_WARN_ENUM_CONVERSION = YES;
				CLANG_WARN_INFINITE_RECURSION = YES;
				CLANG_WARN_INT_CONVERSION = YES;
				CLANG_WARN_NON_LITERAL_NULL_CONVERSION = YES;
				CLANG_WARN_OBJC_IMPLICIT_RETAIN_SELF = YES;
				CLANG_WARN_OBJC_LITERAL_CONVERSION = YES;
				CLANG_WARN_OBJC_ROOT_CLASS = YES_ERROR;
				CLANG_WARN_QUOTED_INCLUDE_IN_FRAMEWORK_HEADER = YES;
				CLANG_WARN_RANGE_LOOP_ANALYSIS = YES;
				CLANG_WARN_STRICT_PROTOTYPES = YES;
				CLANG_WARN_SUSPICIOUS_MOVE = YES;
				CLANG_WARN_UNGUARDED_AVAILABILITY = YES_AGGRESSIVE;
				CLANG_WARN_UNREACHABLE_CODE = YES;
				CLANG_WARN__DUPLICATE_METHOD_MATCH = YES;
				COPY_PHASE_STRIP = NO;
				DEBUG_INFORMATION_FORMAT = dwarf;
				ENABLE_STRICT_OBJC_MSGSEND = YES;
				ENABLE_TESTABILITY = YES;
				GCC_C_LANGUAGE_STANDARD = gnu11;
				GCC_DYNAMIC_NO_PIC = NO;
				GCC_NO_COMMON_BLOCKS = YES;
				GCC_OPTIMIZATION_LEVEL = 0;
				GCC_PREPROCESSOR_DEFINITIONS = (
					"DEBUG=1",
					"$(inherited)",
				);
				GCC_WARN_64_TO_32_BIT_CONVERSION = YES;
				GCC_WARN_ABOUT_RETURN_TYPE = YES_ERROR;
				GCC_WARN_UNDECLARED_SELECTOR = YES;
				GCC_WARN_UNINITIALIZED_AUTOS = YES_AGGRESSIVE;
				GCC_WARN_UNUSED_FUNCTION = YES;
				GCC_WARN_UNUSED_VARIABLE = YES;
				IPHONEOS_DEPLOYMENT_TARGET = 16.4;
				MTL_ENABLE_DEBUG_INFO = INCLUDE_SOURCE;
				MTL_FAST_MATH = YES;
				ONLY_ACTIVE_ARCH = YES;
				SDKROOT = iphoneos;
				SWIFT_ACTIVE_COMPILATION_CONDITIONS = DEBUG;
				SWIFT_OPTIMIZATION_LEVEL = "-Onone";
			};
			name = Debug;
		};
		0839B49F2A9CA648006CB4DC /* Release */ = {
			isa = XCBuildConfiguration;
			buildSettings = {
				ALWAYS_SEARCH_USER_PATHS = NO;
				CLANG_ANALYZER_NONNULL = YES;
				CLANG_ANALYZER_NUMBER_OBJECT_CONVERSION = YES_AGGRESSIVE;
				CLANG_CXX_LANGUAGE_STANDARD = "gnu++20";
				CLANG_ENABLE_MODULES = YES;
				CLANG_ENABLE_OBJC_ARC = YES;
				CLANG_ENABLE_OBJC_WEAK = YES;
				CLANG_WARN_BLOCK_CAPTURE_AUTORELEASING = YES;
				CLANG_WARN_BOOL_CONVERSION = YES;
				CLANG_WARN_COMMA = YES;
				CLANG_WARN_CONSTANT_CONVERSION = YES;
				CLANG_WARN_DEPRECATED_OBJC_IMPLEMENTATIONS = YES;
				CLANG_WARN_DIRECT_OBJC_ISA_USAGE = YES_ERROR;
				CLANG_WARN_DOCUMENTATION_COMMENTS = YES;
				CLANG_WARN_EMPTY_BODY = YES;
				CLANG_WARN_ENUM_CONVERSION = YES;
				CLANG_WARN_INFINITE_RECURSION = YES;
				CLANG_WARN_INT_CONVERSION = YES;
				CLANG_WARN_NON_LITERAL_NULL_CONVERSION = YES;
				CLANG_WARN_OBJC_IMPLICIT_RETAIN_SELF = YES;
				CLANG_WARN_OBJC_LITERAL_CONVERSION = YES;
				CLANG_WARN_OBJC_ROOT_CLASS = YES_ERROR;
				CLANG_WARN_QUOTED_INCLUDE_IN_FRAMEWORK_HEADER = YES;
				CLANG_WARN_RANGE_LOOP_ANALYSIS = YES;
				CLANG_WARN_STRICT_PROTOTYPES = YES;
				CLANG_WARN_SUSPICIOUS_MOVE = YES;
				CLANG_WARN_UNGUARDED_AVAILABILITY = YES_AGGRESSIVE;
				CLANG_WARN_UNREACHABLE_CODE = YES;
				CLANG_WARN__DUPLICATE_METHOD_MATCH = YES;
				COPY_PHASE_STRIP = NO;
				DEBUG_INFORMATION_FORMAT = "dwarf-with-dsym";
				ENABLE_NS_ASSERTIONS = NO;
				ENABLE_STRICT_OBJC_MSGSEND = YES;
				GCC_C_LANGUAGE_STANDARD = gnu11;
				GCC_NO_COMMON_BLOCKS = YES;
				GCC_WARN_64_TO_32_BIT_CONVERSION = YES;
				GCC_WARN_ABOUT_RETURN_TYPE = YES_ERROR;
				GCC_WARN_UNDECLARED_SELECTOR = YES;
				GCC_WARN_UNINITIALIZED_AUTOS = YES_AGGRESSIVE;
				GCC_WARN_UNUSED_FUNCTION = YES;
				GCC_WARN_UNUSED_VARIABLE = YES;
				IPHONEOS_DEPLOYMENT_TARGET = 16.4;
				MTL_ENABLE_DEBUG_INFO = NO;
				MTL_FAST_MATH = YES;
				SDKROOT = iphoneos;
				SWIFT_COMPILATION_MODE = wholemodule;
				SWIFT_OPTIMIZATION_LEVEL = "-O";
				VALIDATE_PRODUCT = YES;
			};
			name = Release;
		};
		0839B4A12A9CA648006CB4DC /* Debug */ = {
			isa = XCBuildConfiguration;
			buildSettings = {
				ASSETCATALOG_COMPILER_APPICON_NAME = AppIcon;
				ASSETCATALOG_COMPILER_GLOBAL_ACCENT_COLOR_NAME = AccentColor;
				CODE_SIGN_STYLE = Automatic;
				CURRENT_PROJECT_VERSION = 1;
				DEVELOPMENT_TEAM = 32X7AMP6BY;
				GENERATE_INFOPLIST_FILE = YES;
				INFOPLIST_FILE = task2_app/Info.plist;
				INFOPLIST_KEY_UIApplicationSupportsIndirectInputEvents = YES;
				INFOPLIST_KEY_UILaunchStoryboardName = LaunchScreen;
				INFOPLIST_KEY_UIMainStoryboardFile = Main;
				INFOPLIST_KEY_UISupportedInterfaceOrientations_iPad = "UIInterfaceOrientationPortrait UIInterfaceOrientationPortraitUpsideDown UIInterfaceOrientationLandscapeLeft UIInterfaceOrientationLandscapeRight";
				INFOPLIST_KEY_UISupportedInterfaceOrientations_iPhone = "UIInterfaceOrientationPortrait UIInterfaceOrientationLandscapeLeft UIInterfaceOrientationLandscapeRight";
				LD_RUNPATH_SEARCH_PATHS = (
					"$(inherited)",
					"@executable_path/Frameworks",
				);
				MARKETING_VERSION = 1.0;
				PRODUCT_BUNDLE_IDENTIFIER = "tolgahanSonmez.task2-app";
				PRODUCT_NAME = "$(TARGET_NAME)";
				SWIFT_EMIT_LOC_STRINGS = YES;
				SWIFT_VERSION = 5.0;
				TARGETED_DEVICE_FAMILY = "1,2";
			};
			name = Debug;
		};
		0839B4A22A9CA648006CB4DC /* Release */ = {
			isa = XCBuildConfiguration;
			buildSettings = {
				ASSETCATALOG_COMPILER_APPICON_NAME = AppIcon;
				ASSETCATALOG_COMPILER_GLOBAL_ACCENT_COLOR_NAME = AccentColor;
				CODE_SIGN_STYLE = Automatic;
				CURRENT_PROJECT_VERSION = 1;
				DEVELOPMENT_TEAM = 32X7AMP6BY;
				GENERATE_INFOPLIST_FILE = YES;
				INFOPLIST_FILE = task2_app/Info.plist;
				INFOPLIST_KEY_UIApplicationSupportsIndirectInputEvents = YES;
				INFOPLIST_KEY_UILaunchStoryboardName = LaunchScreen;
				INFOPLIST_KEY_UIMainStoryboardFile = Main;
				INFOPLIST_KEY_UISupportedInterfaceOrientations_iPad = "UIInterfaceOrientationPortrait UIInterfaceOrientationPortraitUpsideDown UIInterfaceOrientationLandscapeLeft UIInterfaceOrientationLandscapeRight";
				INFOPLIST_KEY_UISupportedInterfaceOrientations_iPhone = "UIInterfaceOrientationPortrait UIInterfaceOrientationLandscapeLeft UIInterfaceOrientationLandscapeRight";
				LD_RUNPATH_SEARCH_PATHS = (
					"$(inherited)",
					"@executable_path/Frameworks",
				);
				MARKETING_VERSION = 1.0;
				PRODUCT_BUNDLE_IDENTIFIER = "tolgahanSonmez.task2-app";
				PRODUCT_NAME = "$(TARGET_NAME)";
				SWIFT_EMIT_LOC_STRINGS = YES;
				SWIFT_VERSION = 5.0;
				TARGETED_DEVICE_FAMILY = "1,2";
			};
			name = Release;
		};
/* End XCBuildConfiguration section */

/* Begin XCConfigurationList section */
		0839B4872A9CA647006CB4DC /* Build configuration list for PBXProject "task2_app" */ = {
			isa = XCConfigurationList;
			buildConfigurations = (
				0839B49E2A9CA648006CB4DC /* Debug */,
				0839B49F2A9CA648006CB4DC /* Release */,
			);
			defaultConfigurationIsVisible = 0;
			defaultConfigurationName = Release;
		};
		0839B4A02A9CA648006CB4DC /* Build configuration list for PBXNativeTarget "task2_app" */ = {
			isa = XCConfigurationList;
			buildConfigurations = (
				0839B4A12A9CA648006CB4DC /* Debug */,
				0839B4A22A9CA648006CB4DC /* Release */,
			);
			defaultConfigurationIsVisible = 0;
			defaultConfigurationName = Release;
		};
/* End XCConfigurationList section */
	};
	rootObject = 0839B4842A9CA647006CB4DC /* Project object */;
}
